// !$*UTF8*$!
{
	archiveVersion = 1;
	classes = {
	};
	objectVersion = 46;
	objects = {

/* Begin PBXBuildFile section */
		B563C5101DB11A540024BEDB /* AppDelegate.swift in Sources */ = {isa = PBXBuildFile; fileRef = B563C50F1DB11A540024BEDB /* AppDelegate.swift */; };
		B563C5121DB11A540024BEDB /* ViewController.swift in Sources */ = {isa = PBXBuildFile; fileRef = B563C5111DB11A540024BEDB /* ViewController.swift */; };
		B563C5151DB11A540024BEDB /* Main.storyboard in Resources */ = {isa = PBXBuildFile; fileRef = B563C5131DB11A540024BEDB /* Main.storyboard */; };
		B563C5171DB11A540024BEDB /* Assets.xcassets in Resources */ = {isa = PBXBuildFile; fileRef = B563C5161DB11A540024BEDB /* Assets.xcassets */; };
		B563C51A1DB11A540024BEDB /* LaunchScreen.storyboard in Resources */ = {isa = PBXBuildFile; fileRef = B563C5181DB11A540024BEDB /* LaunchScreen.storyboard */; };
		B563C5251DB11A540024BEDB /* BaseTemplateTests.swift in Sources */ = {isa = PBXBuildFile; fileRef = B563C5241DB11A540024BEDB /* BaseTemplateTests.swift */; };
		B5D1C7341DB11F0300417BB3 /* DataManager.swift in Sources */ = {isa = PBXBuildFile; fileRef = B5D1C7331DB11F0300417BB3 /* DataManager.swift */; };
		B5D1C7361DB11F3500417BB3 /* NetworkManager.swift in Sources */ = {isa = PBXBuildFile; fileRef = B5D1C7351DB11F3500417BB3 /* NetworkManager.swift */; };
		B5D1C7381DB11FA500417BB3 /* NetworkContext.swift in Sources */ = {isa = PBXBuildFile; fileRef = B5D1C7371DB11FA500417BB3 /* NetworkContext.swift */; };
		B5D1C7411DB1267B00417BB3 /* Promise.swift in Sources */ = {isa = PBXBuildFile; fileRef = B5D1C73C1DB1267B00417BB3 /* Promise.swift */; };
		B5D1C7421DB1267B00417BB3 /* PromiseState.swift in Sources */ = {isa = PBXBuildFile; fileRef = B5D1C73D1DB1267B00417BB3 /* PromiseState.swift */; };
		B5D1C7431DB1267B00417BB3 /* WhenAll.swift in Sources */ = {isa = PBXBuildFile; fileRef = B5D1C73F1DB1267B00417BB3 /* WhenAll.swift */; };
		B5D1C7471DB1298000417BB3 /* TemplateViewController.swift in Sources */ = {isa = PBXBuildFile; fileRef = B5D1C7461DB1298000417BB3 /* TemplateViewController.swift */; };
		B5D1C7491DB129B200417BB3 /* TemplateView.swift in Sources */ = {isa = PBXBuildFile; fileRef = B5D1C7481DB129B200417BB3 /* TemplateView.swift */; };
/* End PBXBuildFile section */

/* Begin PBXContainerItemProxy section */
		B563C5211DB11A540024BEDB /* PBXContainerItemProxy */ = {
			isa = PBXContainerItemProxy;
			containerPortal = B563C5041DB11A540024BEDB /* Project object */;
			proxyType = 1;
			remoteGlobalIDString = B563C50B1DB11A540024BEDB;
			remoteInfo = BaseTemplate;
		};
/* End PBXContainerItemProxy section */

/* Begin PBXFileReference section */
		B563C50C1DB11A540024BEDB /* BaseTemplate.app */ = {isa = PBXFileReference; explicitFileType = wrapper.application; includeInIndex = 0; path = BaseTemplate.app; sourceTree = BUILT_PRODUCTS_DIR; };
		B563C50F1DB11A540024BEDB /* AppDelegate.swift */ = {isa = PBXFileReference; lastKnownFileType = sourcecode.swift; path = AppDelegate.swift; sourceTree = "<group>"; };
		B563C5111DB11A540024BEDB /* ViewController.swift */ = {isa = PBXFileReference; lastKnownFileType = sourcecode.swift; path = ViewController.swift; sourceTree = "<group>"; };
		B563C5141DB11A540024BEDB /* Base */ = {isa = PBXFileReference; lastKnownFileType = file.storyboard; name = Base; path = Base.lproj/Main.storyboard; sourceTree = "<group>"; };
		B563C5161DB11A540024BEDB /* Assets.xcassets */ = {isa = PBXFileReference; lastKnownFileType = folder.assetcatalog; path = Assets.xcassets; sourceTree = "<group>"; };
		B563C5191DB11A540024BEDB /* Base */ = {isa = PBXFileReference; lastKnownFileType = file.storyboard; name = Base; path = Base.lproj/LaunchScreen.storyboard; sourceTree = "<group>"; };
		B563C51B1DB11A540024BEDB /* Info.plist */ = {isa = PBXFileReference; lastKnownFileType = text.plist.xml; path = Info.plist; sourceTree = "<group>"; };
		B563C5201DB11A540024BEDB /* BaseTemplateTests.xctest */ = {isa = PBXFileReference; explicitFileType = wrapper.cfbundle; includeInIndex = 0; path = BaseTemplateTests.xctest; sourceTree = BUILT_PRODUCTS_DIR; };
		B563C5241DB11A540024BEDB /* BaseTemplateTests.swift */ = {isa = PBXFileReference; lastKnownFileType = sourcecode.swift; path = BaseTemplateTests.swift; sourceTree = "<group>"; };
		B563C5261DB11A540024BEDB /* Info.plist */ = {isa = PBXFileReference; lastKnownFileType = text.plist.xml; path = Info.plist; sourceTree = "<group>"; };
		B5D1C7331DB11F0300417BB3 /* DataManager.swift */ = {isa = PBXFileReference; fileEncoding = 4; lastKnownFileType = sourcecode.swift; path = DataManager.swift; sourceTree = "<group>"; };
		B5D1C7351DB11F3500417BB3 /* NetworkManager.swift */ = {isa = PBXFileReference; fileEncoding = 4; lastKnownFileType = sourcecode.swift; path = NetworkManager.swift; sourceTree = "<group>"; };
		B5D1C7371DB11FA500417BB3 /* NetworkContext.swift */ = {isa = PBXFileReference; fileEncoding = 4; lastKnownFileType = sourcecode.swift; path = NetworkContext.swift; sourceTree = "<group>"; };
		B5D1C73C1DB1267B00417BB3 /* Promise.swift */ = {isa = PBXFileReference; fileEncoding = 4; lastKnownFileType = sourcecode.swift; path = Promise.swift; sourceTree = "<group>"; };
		B5D1C73D1DB1267B00417BB3 /* PromiseState.swift */ = {isa = PBXFileReference; fileEncoding = 4; lastKnownFileType = sourcecode.swift; path = PromiseState.swift; sourceTree = "<group>"; };
		B5D1C73F1DB1267B00417BB3 /* WhenAll.swift */ = {isa = PBXFileReference; fileEncoding = 4; lastKnownFileType = sourcecode.swift; path = WhenAll.swift; sourceTree = "<group>"; };
		B5D1C7461DB1298000417BB3 /* TemplateViewController.swift */ = {isa = PBXFileReference; fileEncoding = 4; lastKnownFileType = sourcecode.swift; path = TemplateViewController.swift; sourceTree = "<group>"; };
		B5D1C7481DB129B200417BB3 /* TemplateView.swift */ = {isa = PBXFileReference; fileEncoding = 4; lastKnownFileType = sourcecode.swift; path = TemplateView.swift; sourceTree = "<group>"; };
/* End PBXFileReference section */

/* Begin PBXFrameworksBuildPhase section */
		B563C5091DB11A540024BEDB /* Frameworks */ = {
			isa = PBXFrameworksBuildPhase;
			buildActionMask = 2147483647;
			files = (
			);
			runOnlyForDeploymentPostprocessing = 0;
		};
		B563C51D1DB11A540024BEDB /* Frameworks */ = {
			isa = PBXFrameworksBuildPhase;
			buildActionMask = 2147483647;
			files = (
			);
			runOnlyForDeploymentPostprocessing = 0;
		};
/* End PBXFrameworksBuildPhase section */

/* Begin PBXGroup section */
		B563C5031DB11A540024BEDB = {
			isa = PBXGroup;
			children = (
				B5D1C7391DB1265E00417BB3 /* ThirdParty-LIB */,
				B563C50E1DB11A540024BEDB /* NouveauProjet */,
				B563C5231DB11A540024BEDB /* NouveauProjet */,
				B563C50D1DB11A540024BEDB /* Products */,
			);
			sourceTree = "<group>";
		};
		B563C50D1DB11A540024BEDB /* Products */ = {
			isa = PBXGroup;
			children = (
				B563C50C1DB11A540024BEDB /* BaseTemplate.app */,
				B563C5201DB11A540024BEDB /* BaseTemplateTests.xctest */,
			);
			name = Products;
			sourceTree = "<group>";
		};
		B563C50E1DB11A540024BEDB /* NouveauProjet */ = {
			isa = PBXGroup;
			children = (
				B5D1C7441DB1294900417BB3 /* Controllers+Views */,
				B5D1C7321DB11EF600417BB3 /* DataManager */,
				B5D1C7311DB11EEE00417BB3 /* Network */,
				B5D1C7301DB11EE900417BB3 /* Models */,
				B563C50F1DB11A540024BEDB /* AppDelegate.swift */,
				B563C5111DB11A540024BEDB /* ViewController.swift */,
				B563C5131DB11A540024BEDB /* Main.storyboard */,
				B563C5161DB11A540024BEDB /* Assets.xcassets */,
				B563C5181DB11A540024BEDB /* LaunchScreen.storyboard */,
				B563C51B1DB11A540024BEDB /* Info.plist */,
			);
			name = NouveauProjet;
			path = BaseTemplate;
			sourceTree = "<group>";
		};
		B563C5231DB11A540024BEDB /* NouveauProjet */ = {
			isa = PBXGroup;
			children = (
				B563C5241DB11A540024BEDB /* BaseTemplateTests.swift */,
				B563C5261DB11A540024BEDB /* Info.plist */,
			);
			name = NouveauProjet;
			path = BaseTemplateTests;
			sourceTree = "<group>";
		};
		B5D1C7301DB11EE900417BB3 /* Models */ = {
			isa = PBXGroup;
			children = (
			);
			name = Models;
			sourceTree = "<group>";
		};
		B5D1C7311DB11EEE00417BB3 /* Network */ = {
			isa = PBXGroup;
			children = (
				B5D1C7351DB11F3500417BB3 /* NetworkManager.swift */,
				B5D1C7371DB11FA500417BB3 /* NetworkContext.swift */,
			);
			name = Network;
			sourceTree = "<group>";
		};
		B5D1C7321DB11EF600417BB3 /* DataManager */ = {
			isa = PBXGroup;
			children = (
				B5D1C7331DB11F0300417BB3 /* DataManager.swift */,
			);
			name = DataManager;
			sourceTree = "<group>";
		};
		B5D1C7391DB1265E00417BB3 /* ThirdParty-LIB */ = {
			isa = PBXGroup;
			children = (
				B5D1C73A1DB1267B00417BB3 /* Then */,
			);
			name = "ThirdParty-LIB";
			sourceTree = "<group>";
		};
		B5D1C73A1DB1267B00417BB3 /* Then */ = {
			isa = PBXGroup;
			children = (
				B5D1C73C1DB1267B00417BB3 /* Promise.swift */,
				B5D1C73D1DB1267B00417BB3 /* PromiseState.swift */,
				B5D1C73F1DB1267B00417BB3 /* WhenAll.swift */,
			);
			path = Then;
			sourceTree = "<group>";
		};
		B5D1C7441DB1294900417BB3 /* Controllers+Views */ = {
			isa = PBXGroup;
			children = (
				B5D1C7451DB1295D00417BB3 /* ControllerTemplate */,
			);
			name = "Controllers+Views";
			sourceTree = "<group>";
		};
		B5D1C7451DB1295D00417BB3 /* ControllerTemplate */ = {
			isa = PBXGroup;
			children = (
				B5D1C7461DB1298000417BB3 /* TemplateViewController.swift */,
				B5D1C7481DB129B200417BB3 /* TemplateView.swift */,
			);
			name = ControllerTemplate;
			sourceTree = "<group>";
		};
/* End PBXGroup section */

/* Begin PBXNativeTarget section */
		B563C50B1DB11A540024BEDB /* BaseTemplate */ = {
			isa = PBXNativeTarget;
			buildConfigurationList = B563C5291DB11A540024BEDB /* Build configuration list for PBXNativeTarget "BaseTemplate" */;
			buildPhases = (
				B563C5081DB11A540024BEDB /* Sources */,
				B563C5091DB11A540024BEDB /* Frameworks */,
				B563C50A1DB11A540024BEDB /* Resources */,
			);
			buildRules = (
			);
			dependencies = (
			);
			name = BaseTemplate;
			productName = BaseTemplate;
			productReference = B563C50C1DB11A540024BEDB /* BaseTemplate.app */;
			productType = "com.apple.product-type.application";
		};
		B563C51F1DB11A540024BEDB /* BaseTemplateTests */ = {
			isa = PBXNativeTarget;
			buildConfigurationList = B563C52C1DB11A540024BEDB /* Build configuration list for PBXNativeTarget "BaseTemplateTests" */;
			buildPhases = (
				B563C51C1DB11A540024BEDB /* Sources */,
				B563C51D1DB11A540024BEDB /* Frameworks */,
				B563C51E1DB11A540024BEDB /* Resources */,
			);
			buildRules = (
			);
			dependencies = (
				B563C5221DB11A540024BEDB /* PBXTargetDependency */,
			);
			name = BaseTemplateTests;
			productName = BaseTemplateTests;
			productReference = B563C5201DB11A540024BEDB /* BaseTemplateTests.xctest */;
			productType = "com.apple.product-type.bundle.unit-test";
		};
/* End PBXNativeTarget section */

/* Begin PBXProject section */
		B563C5041DB11A540024BEDB /* Project object */ = {
			isa = PBXProject;
			attributes = {
				LastSwiftUpdateCheck = 0800;
				LastUpgradeCheck = 0800;
				ORGANIZATIONNAME = "alban perli";
				TargetAttributes = {
					B563C50B1DB11A540024BEDB = {
						CreatedOnToolsVersion = 8.0;
						ProvisioningStyle = Automatic;
					};
					B563C51F1DB11A540024BEDB = {
						CreatedOnToolsVersion = 8.0;
						ProvisioningStyle = Automatic;
						TestTargetID = B563C50B1DB11A540024BEDB;
					};
				};
			};
			buildConfigurationList = B563C5071DB11A540024BEDB /* Build configuration list for PBXProject "BaseTemplate" */;
			compatibilityVersion = "Xcode 3.2";
			developmentRegion = English;
			hasScannedForEncodings = 0;
			knownRegions = (
				en,
				Base,
			);
			mainGroup = B563C5031DB11A540024BEDB;
			productRefGroup = B563C50D1DB11A540024BEDB /* Products */;
			projectDirPath = "";
			projectRoot = "";
			targets = (
				B563C50B1DB11A540024BEDB /* BaseTemplate */,
				B563C51F1DB11A540024BEDB /* BaseTemplateTests */,
			);
		};
/* End PBXProject section */

/* Begin PBXResourcesBuildPhase section */
		B563C50A1DB11A540024BEDB /* Resources */ = {
			isa = PBXResourcesBuildPhase;
			buildActionMask = 2147483647;
			files = (
				B563C51A1DB11A540024BEDB /* LaunchScreen.storyboard in Resources */,
				B563C5171DB11A540024BEDB /* Assets.xcassets in Resources */,
				B563C5151DB11A540024BEDB /* Main.storyboard in Resources */,
			);
			runOnlyForDeploymentPostprocessing = 0;
		};
		B563C51E1DB11A540024BEDB /* Resources */ = {
			isa = PBXResourcesBuildPhase;
			buildActionMask = 2147483647;
			files = (
			);
			runOnlyForDeploymentPostprocessing = 0;
		};
/* End PBXResourcesBuildPhase section */

/* Begin PBXSourcesBuildPhase section */
		B563C5081DB11A540024BEDB /* Sources */ = {
			isa = PBXSourcesBuildPhase;
			buildActionMask = 2147483647;
			files = (
				B5D1C7421DB1267B00417BB3 /* PromiseState.swift in Sources */,
				B5D1C7381DB11FA500417BB3 /* NetworkContext.swift in Sources */,
				B5D1C7361DB11F3500417BB3 /* NetworkManager.swift in Sources */,
				B5D1C7431DB1267B00417BB3 /* WhenAll.swift in Sources */,
				B563C5121DB11A540024BEDB /* ViewController.swift in Sources */,
				B5D1C7341DB11F0300417BB3 /* DataManager.swift in Sources */,
				B563C5101DB11A540024BEDB /* AppDelegate.swift in Sources */,
				B5D1C7411DB1267B00417BB3 /* Promise.swift in Sources */,
				B5D1C7491DB129B200417BB3 /* TemplateView.swift in Sources */,
				B5D1C7471DB1298000417BB3 /* TemplateViewController.swift in Sources */,
			);
			runOnlyForDeploymentPostprocessing = 0;
		};
		B563C51C1DB11A540024BEDB /* Sources */ = {
			isa = PBXSourcesBuildPhase;
			buildActionMask = 2147483647;
			files = (
				B563C5251DB11A540024BEDB /* BaseTemplateTests.swift in Sources */,
			);
			runOnlyForDeploymentPostprocessing = 0;
		};
/* End PBXSourcesBuildPhase section */

/* Begin PBXTargetDependency section */
		B563C5221DB11A540024BEDB /* PBXTargetDependency */ = {
			isa = PBXTargetDependency;
			target = B563C50B1DB11A540024BEDB /* BaseTemplate */;
			targetProxy = B563C5211DB11A540024BEDB /* PBXContainerItemProxy */;
		};
/* End PBXTargetDependency section */

/* Begin PBXVariantGroup section */
		B563C5131DB11A540024BEDB /* Main.storyboard */ = {
			isa = PBXVariantGroup;
			children = (
				B563C5141DB11A540024BEDB /* Base */,
			);
			name = Main.storyboard;
			sourceTree = "<group>";
		};
		B563C5181DB11A540024BEDB /* LaunchScreen.storyboard */ = {
			isa = PBXVariantGroup;
			children = (
				B563C5191DB11A540024BEDB /* Base */,
			);
			name = LaunchScreen.storyboard;
			sourceTree = "<group>";
		};
/* End PBXVariantGroup section */

/* Begin XCBuildConfiguration section */
		B563C5271DB11A540024BEDB /* Debug */ = {
			isa = XCBuildConfiguration;
			buildSettings = {
				ALWAYS_SEARCH_USER_PATHS = NO;
				CLANG_ANALYZER_NONNULL = YES;
				CLANG_CXX_LANGUAGE_STANDARD = "gnu++0x";
				CLANG_CXX_LIBRARY = "libc++";
				CLANG_ENABLE_MODULES = YES;
				CLANG_ENABLE_OBJC_ARC = YES;
				CLANG_WARN_BOOL_CONVERSION = YES;
				CLANG_WARN_CONSTANT_CONVERSION = YES;
				CLANG_WARN_DIRECT_OBJC_ISA_USAGE = YES_ERROR;
				CLANG_WARN_DOCUMENTATION_COMMENTS = YES;
				CLANG_WARN_EMPTY_BODY = YES;
				CLANG_WARN_ENUM_CONVERSION = YES;
				CLANG_WARN_INFINITE_RECURSION = YES;
				CLANG_WARN_INT_CONVERSION = YES;
				CLANG_WARN_OBJC_ROOT_CLASS = YES_ERROR;
				CLANG_WARN_SUSPICIOUS_MOVES = YES;
				CLANG_WARN_UNREACHABLE_CODE = YES;
				CLANG_WARN__DUPLICATE_METHOD_MATCH = YES;
				"CODE_SIGN_IDENTITY[sdk=iphoneos*]" = "iPhone Developer";
				COPY_PHASE_STRIP = NO;
				DEBUG_INFORMATION_FORMAT = dwarf;
				ENABLE_STRICT_OBJC_MSGSEND = YES;
				ENABLE_TESTABILITY = YES;
				GCC_C_LANGUAGE_STANDARD = gnu99;
				GCC_DYNAMIC_NO_PIC = NO;
				GCC_NO_COMMON_BLOCKS = YES;
				GCC_OPTIMIZATION_LEVEL = 0;
				GCC_PREPROCESSOR_DEFINITIONS = (
					"DEBUG=1",
					"$(inherited)",
				);
				GCC_WARN_64_TO_32_BIT_CONVERSION = YES;
				GCC_WARN_ABOUT_RETURN_TYPE = YES_ERROR;
				GCC_WARN_UNDECLARED_SELECTOR = YES;
				GCC_WARN_UNINITIALIZED_AUTOS = YES_AGGRESSIVE;
				GCC_WARN_UNUSED_FUNCTION = YES;
				GCC_WARN_UNUSED_VARIABLE = YES;
				IPHONEOS_DEPLOYMENT_TARGET = 10.0;
				MTL_ENABLE_DEBUG_INFO = YES;
				ONLY_ACTIVE_ARCH = YES;
				SDKROOT = iphoneos;
				SWIFT_ACTIVE_COMPILATION_CONDITIONS = DEBUG;
				SWIFT_OPTIMIZATION_LEVEL = "-Onone";
			};
			name = Debug;
		};
		B563C5281DB11A540024BEDB /* Release */ = {
			isa = XCBuildConfiguration;
			buildSettings = {
				ALWAYS_SEARCH_USER_PATHS = NO;
				CLANG_ANALYZER_NONNULL = YES;
				CLANG_CXX_LANGUAGE_STANDARD = "gnu++0x";
				CLANG_CXX_LIBRARY = "libc++";
				CLANG_ENABLE_MODULES = YES;
				CLANG_ENABLE_OBJC_ARC = YES;
				CLANG_WARN_BOOL_CONVERSION = YES;
				CLANG_WARN_CONSTANT_CONVERSION = YES;
				CLANG_WARN_DIRECT_OBJC_ISA_USAGE = YES_ERROR;
				CLANG_WARN_DOCUMENTATION_COMMENTS = YES;
				CLANG_WARN_EMPTY_BODY = YES;
				CLANG_WARN_ENUM_CONVERSION = YES;
				CLANG_WARN_INFINITE_RECURSION = YES;
				CLANG_WARN_INT_CONVERSION = YES;
				CLANG_WARN_OBJC_ROOT_CLASS = YES_ERROR;
				CLANG_WARN_SUSPICIOUS_MOVES = YES;
				CLANG_WARN_UNREACHABLE_CODE = YES;
				CLANG_WARN__DUPLICATE_METHOD_MATCH = YES;
				"CODE_SIGN_IDENTITY[sdk=iphoneos*]" = "iPhone Developer";
				COPY_PHASE_STRIP = NO;
				DEBUG_INFORMATION_FORMAT = "dwarf-with-dsym";
				ENABLE_NS_ASSERTIONS = NO;
				ENABLE_STRICT_OBJC_MSGSEND = YES;
				GCC_C_LANGUAGE_STANDARD = gnu99;
				GCC_NO_COMMON_BLOCKS = YES;
				GCC_WARN_64_TO_32_BIT_CONVERSION = YES;
				GCC_WARN_ABOUT_RETURN_TYPE = YES_ERROR;
				GCC_WARN_UNDECLARED_SELECTOR = YES;
				GCC_WARN_UNINITIALIZED_AUTOS = YES_AGGRESSIVE;
				GCC_WARN_UNUSED_FUNCTION = YES;
				GCC_WARN_UNUSED_VARIABLE = YES;
				IPHONEOS_DEPLOYMENT_TARGET = 10.0;
				MTL_ENABLE_DEBUG_INFO = NO;
				SDKROOT = iphoneos;
				SWIFT_OPTIMIZATION_LEVEL = "-Owholemodule";
				VALIDATE_PRODUCT = YES;
			};
			name = Release;
		};
		B563C52A1DB11A540024BEDB /* Debug */ = {
			isa = XCBuildConfiguration;
			buildSettings = {
				ASSETCATALOG_COMPILER_APPICON_NAME = AppIcon;
				INFOPLIST_FILE = BaseTemplate/Info.plist;
				LD_RUNPATH_SEARCH_PATHS = "$(inherited) @executable_path/Frameworks";
				PRODUCT_BUNDLE_IDENTIFIER = com.albanperli.BaseTemplate;
				PRODUCT_NAME = "$(TARGET_NAME)";
				SWIFT_VERSION = 3.0;
			};
			name = Debug;
		};
		B563C52B1DB11A540024BEDB /* Release */ = {
			isa = XCBuildConfiguration;
			buildSettings = {
				ASSETCATALOG_COMPILER_APPICON_NAME = AppIcon;
				INFOPLIST_FILE = BaseTemplate/Info.plist;
				LD_RUNPATH_SEARCH_PATHS = "$(inherited) @executable_path/Frameworks";
				PRODUCT_BUNDLE_IDENTIFIER = com.albanperli.BaseTemplate;
				PRODUCT_NAME = "$(TARGET_NAME)";
				SWIFT_VERSION = 3.0;
			};
			name = Release;
		};
		B563C52D1DB11A540024BEDB /* Debug */ = {
			isa = XCBuildConfiguration;
			buildSettings = {
				ALWAYS_EMBED_SWIFT_STANDARD_LIBRARIES = YES;
				BUNDLE_LOADER = "$(TEST_HOST)";
				INFOPLIST_FILE = BaseTemplateTests/Info.plist;
				LD_RUNPATH_SEARCH_PATHS = "$(inherited) @executable_path/Frameworks @loader_path/Frameworks";
				PRODUCT_BUNDLE_IDENTIFIER = com.albanperli.BaseTemplateTests;
				PRODUCT_NAME = "$(TARGET_NAME)";
				SWIFT_VERSION = 3.0;
				TEST_HOST = "$(BUILT_PRODUCTS_DIR)/BaseTemplate.app/BaseTemplate";
			};
			name = Debug;
		};
		B563C52E1DB11A540024BEDB /* Release */ = {
			isa = XCBuildConfiguration;
			buildSettings = {
				ALWAYS_EMBED_SWIFT_STANDARD_LIBRARIES = YES;
				BUNDLE_LOADER = "$(TEST_HOST)";
				INFOPLIST_FILE = BaseTemplateTests/Info.plist;
				LD_RUNPATH_SEARCH_PATHS = "$(inherited) @executable_path/Frameworks @loader_path/Frameworks";
				PRODUCT_BUNDLE_IDENTIFIER = com.albanperli.BaseTemplateTests;
				PRODUCT_NAME = "$(TARGET_NAME)";
				SWIFT_VERSION = 3.0;
				TEST_HOST = "$(BUILT_PRODUCTS_DIR)/BaseTemplate.app/BaseTemplate";
			};
			name = Release;
		};
/* End XCBuildConfiguration section */

/* Begin XCConfigurationList section */
		B563C5071DB11A540024BEDB /* Build configuration list for PBXProject "BaseTemplate" */ = {
			isa = XCConfigurationList;
			buildConfigurations = (
				B563C5271DB11A540024BEDB /* Debug */,
				B563C5281DB11A540024BEDB /* Release */,
			);
			defaultConfigurationIsVisible = 0;
			defaultConfigurationName = Release;
		};
		B563C5291DB11A540024BEDB /* Build configuration list for PBXNativeTarget "BaseTemplate" */ = {
			isa = XCConfigurationList;
			buildConfigurations = (
				B563C52A1DB11A540024BEDB /* Debug */,
				B563C52B1DB11A540024BEDB /* Release */,
			);
			defaultConfigurationIsVisible = 0;
			defaultConfigurationName = Release;
		};
		B563C52C1DB11A540024BEDB /* Build configuration list for PBXNativeTarget "BaseTemplateTests" */ = {
			isa = XCConfigurationList;
			buildConfigurations = (
				B563C52D1DB11A540024BEDB /* Debug */,
				B563C52E1DB11A540024BEDB /* Release */,
			);
			defaultConfigurationIsVisible = 0;
			defaultConfigurationName = Release;
		};
/* End XCConfigurationList section */
	};
	rootObject = B563C5041DB11A540024BEDB /* Project object */;
}
